
Microsoft Visual Studio Solution File, Format Version 12.00
# Visual Studio Version 16
VisualStudioVersion = 16.0.30225.117
MinimumVisualStudioVersion = 10.0.40219.1
Project("{8BC9CEB8-8B4A-11D0-8D11-00A0C91BC942}") = "EasyX", "EasyX.vcxproj", "{1716EB56-E2CC-47E3-BF1E-4C1726E192EF}"
EndProject
Global
	GlobalSection(SolutionConfigurationPlatforms) = preSolution
		Debug|x64 = Debug|x64
		Debug|x86 = Debug|x86
		Release|x64 = Release|x64
		Release|x86 = Release|x86
	EndGlobalSection
	GlobalSection(ProjectConfigurationPlatforms) = postSolution
		{1716EB56-E2CC-47E3-BF1E-4C1726E192EF}.Debug|x64.ActiveCfg = Debug|x64
		{1716EB56-E2CC-47E3-BF1E-4C1726E192EF}.Debug|x64.Build.0 = Debug|x64
		{1716EB56-E2CC-47E3-BF1E-4C1726E192EF}.Debug|x86.ActiveCfg = Debug|Win32
		{1716EB56-E2CC-47E3-BF1E-4C1726E192EF}.Debug|x86.Build.0 = Debug|Win32
		{1716EB56-E2CC-47E3-BF1E-4C1726E192EF}.Release|x64.ActiveCfg = Release|x64
		{1716EB56-E2CC-47E3-BF1E-4C1726E192EF}.Release|x64.Build.0 = Release|x64
		{1716EB56-E2CC-47E3-BF1E-4C1726E192EF}.Release|x86.ActiveCfg = Release|Win32
		{1716EB56-E2CC-47E3-BF1E-4C1726E192EF}.Release|x86.Build.0 = Release|Win32
	EndGlobalSection
	GlobalSection(SolutionProperties) = preSolution
		HideSolutionNode = FALSE
	EndGlobalSection
	GlobalSection(ExtensibilityGlobals) = postSolution
		SolutionGuid = {A22F09EC-A96E-49E5-90D2-E806BC29DAE1}
	EndGlobalSection
EndGlobal
